// !$*UTF8*$!
{
	archiveVersion = 1;
	classes = {
	};
	objectVersion = 46;
	objects = {

/* Begin PBXBuildFile section */
		746349981F36D4CE00877353 /* AppDelegate.swift in Sources */ = {isa = PBXBuildFile; fileRef = 746349971F36D4CE00877353 /* AppDelegate.swift */; };
		7463499A1F36D4CE00877353 /* FeaturedAppsController.swift in Sources */ = {isa = PBXBuildFile; fileRef = 746349991F36D4CE00877353 /* FeaturedAppsController.swift */; };
		7463499D1F36D4CE00877353 /* Main.storyboard in Resources */ = {isa = PBXBuildFile; fileRef = 7463499B1F36D4CE00877353 /* Main.storyboard */; };
		7463499F1F36D4CE00877353 /* Assets.xcassets in Resources */ = {isa = PBXBuildFile; fileRef = 7463499E1F36D4CE00877353 /* Assets.xcassets */; };
		746349A21F36D4CE00877353 /* LaunchScreen.storyboard in Resources */ = {isa = PBXBuildFile; fileRef = 746349A01F36D4CE00877353 /* LaunchScreen.storyboard */; };
		749C68751F37ED6B0016B272 /* CategoryCell.swift in Sources */ = {isa = PBXBuildFile; fileRef = 749C68741F37ED6B0016B272 /* CategoryCell.swift */; };
		749C68771F380B530016B272 /* AppCell.swift in Sources */ = {isa = PBXBuildFile; fileRef = 749C68761F380B530016B272 /* AppCell.swift */; };
		749C68791F3814570016B272 /* Models.swift in Sources */ = {isa = PBXBuildFile; fileRef = 749C68781F3814570016B272 /* Models.swift */; };
		74E5AAE11F395EFD00CD7A21 /* AppDetailController.swift in Sources */ = {isa = PBXBuildFile; fileRef = 74E5AAE01F395EFD00CD7A21 /* AppDetailController.swift */; };
		74E5AAE31F395F5200CD7A21 /* ScreenshotsCell.swift in Sources */ = {isa = PBXBuildFile; fileRef = 74E5AAE21F395F5200CD7A21 /* ScreenshotsCell.swift */; };
/* End PBXBuildFile section */

/* Begin PBXFileReference section */
		746349941F36D4CD00877353 /* AppStore.app */ = {isa = PBXFileReference; explicitFileType = wrapper.application; includeInIndex = 0; path = AppStore.app; sourceTree = BUILT_PRODUCTS_DIR; };
		746349971F36D4CE00877353 /* AppDelegate.swift */ = {isa = PBXFileReference; lastKnownFileType = sourcecode.swift; path = AppDelegate.swift; sourceTree = "<group>"; };
		746349991F36D4CE00877353 /* FeaturedAppsController.swift */ = {isa = PBXFileReference; lastKnownFileType = sourcecode.swift; path = FeaturedAppsController.swift; sourceTree = "<group>"; };
		7463499C1F36D4CE00877353 /* Base */ = {isa = PBXFileReference; lastKnownFileType = file.storyboard; name = Base; path = Base.lproj/Main.storyboard; sourceTree = "<group>"; };
		7463499E1F36D4CE00877353 /* Assets.xcassets */ = {isa = PBXFileReference; lastKnownFileType = folder.assetcatalog; path = Assets.xcassets; sourceTree = "<group>"; };
		746349A11F36D4CE00877353 /* Base */ = {isa = PBXFileReference; lastKnownFileType = file.storyboard; name = Base; path = Base.lproj/LaunchScreen.storyboard; sourceTree = "<group>"; };
		746349A31F36D4CE00877353 /* Info.plist */ = {isa = PBXFileReference; lastKnownFileType = text.plist.xml; path = Info.plist; sourceTree = "<group>"; };
		749C68741F37ED6B0016B272 /* CategoryCell.swift */ = {isa = PBXFileReference; fileEncoding = 4; lastKnownFileType = sourcecode.swift; path = CategoryCell.swift; sourceTree = "<group>"; };
		749C68761F380B530016B272 /* AppCell.swift */ = {isa = PBXFileReference; fileEncoding = 4; lastKnownFileType = sourcecode.swift; path = AppCell.swift; sourceTree = "<group>"; };
		749C68781F3814570016B272 /* Models.swift */ = {isa = PBXFileReference; fileEncoding = 4; lastKnownFileType = sourcecode.swift; path = Models.swift; sourceTree = "<group>"; };
		74E5AAE01F395EFD00CD7A21 /* AppDetailController.swift */ = {isa = PBXFileReference; fileEncoding = 4; lastKnownFileType = sourcecode.swift; path = AppDetailController.swift; sourceTree = "<group>"; };
		74E5AAE21F395F5200CD7A21 /* ScreenshotsCell.swift */ = {isa = PBXFileReference; fileEncoding = 4; lastKnownFileType = sourcecode.swift; path = ScreenshotsCell.swift; sourceTree = "<group>"; };
/* End PBXFileReference section */

/* Begin PBXFrameworksBuildPhase section */
		746349911F36D4CD00877353 /* Frameworks */ = {
			isa = PBXFrameworksBuildPhase;
			buildActionMask = 2147483647;
			files = (
			);
			runOnlyForDeploymentPostprocessing = 0;
		};
/* End PBXFrameworksBuildPhase section */

/* Begin PBXGroup section */
		7463498B1F36D4CD00877353 = {
			isa = PBXGroup;
			children = (
				746349961F36D4CE00877353 /* AppStore */,
				746349951F36D4CD00877353 /* Products */,
			);
			sourceTree = "<group>";
		};
		746349951F36D4CD00877353 /* Products */ = {
			isa = PBXGroup;
			children = (
				746349941F36D4CD00877353 /* AppStore.app */,
			);
			name = Products;
			sourceTree = "<group>";
		};
		746349961F36D4CE00877353 /* AppStore */ = {
			isa = PBXGroup;
			children = (
				746349971F36D4CE00877353 /* AppDelegate.swift */,
				746349991F36D4CE00877353 /* FeaturedAppsController.swift */,
				7463499B1F36D4CE00877353 /* Main.storyboard */,
				7463499E1F36D4CE00877353 /* Assets.xcassets */,
				746349A01F36D4CE00877353 /* LaunchScreen.storyboard */,
				746349A31F36D4CE00877353 /* Info.plist */,
				749C68741F37ED6B0016B272 /* CategoryCell.swift */,
				749C68761F380B530016B272 /* AppCell.swift */,
				749C68781F3814570016B272 /* Models.swift */,
				74E5AAE01F395EFD00CD7A21 /* AppDetailController.swift */,
				74E5AAE21F395F5200CD7A21 /* ScreenshotsCell.swift */,
			);
			path = AppStore;
			sourceTree = "<group>";
		};
/* End PBXGroup section */

/* Begin PBXNativeTarget section */
		746349931F36D4CD00877353 /* AppStore */ = {
			isa = PBXNativeTarget;
			buildConfigurationList = 746349A61F36D4CE00877353 /* Build configuration list for PBXNativeTarget "AppStore" */;
			buildPhases = (
				746349901F36D4CD00877353 /* Sources */,
				746349911F36D4CD00877353 /* Frameworks */,
				746349921F36D4CD00877353 /* Resources */,
			);
			buildRules = (
			);
			dependencies = (
			);
			name = AppStore;
			productName = AppStore;
			productReference = 746349941F36D4CD00877353 /* AppStore.app */;
			productType = "com.apple.product-type.application";
		};
/* End PBXNativeTarget section */

/* Begin PBXProject section */
		7463498C1F36D4CD00877353 /* Project object */ = {
			isa = PBXProject;
			attributes = {
				LastSwiftUpdateCheck = 0830;
				LastUpgradeCheck = 0830;
				ORGANIZATIONNAME = Swiftbeard;
				TargetAttributes = {
					746349931F36D4CD00877353 = {
						CreatedOnToolsVersion = 8.3.3;
						DevelopmentTeam = BXEL354SU6;
						ProvisioningStyle = Automatic;
					};
				};
			};
			buildConfigurationList = 7463498F1F36D4CD00877353 /* Build configuration list for PBXProject "AppStore" */;
			compatibilityVersion = "Xcode 3.2";
			developmentRegion = English;
			hasScannedForEncodings = 0;
			knownRegions = (
				en,
				Base,
			);
			mainGroup = 7463498B1F36D4CD00877353;
			productRefGroup = 746349951F36D4CD00877353 /* Products */;
			projectDirPath = "";
			projectRoot = "";
			targets = (
				746349931F36D4CD00877353 /* AppStore */,
			);
		};
/* End PBXProject section */

/* Begin PBXResourcesBuildPhase section */
		746349921F36D4CD00877353 /* Resources */ = {
			isa = PBXResourcesBuildPhase;
			buildActionMask = 2147483647;
			files = (
				746349A21F36D4CE00877353 /* LaunchScreen.storyboard in Resources */,
				7463499F1F36D4CE00877353 /* Assets.xcassets in Resources */,
				7463499D1F36D4CE00877353 /* Main.storyboard in Resources */,
			);
			runOnlyForDeploymentPostprocessing = 0;
		};
/* End PBXResourcesBuildPhase section */

/* Begin PBXSourcesBuildPhase section */
		746349901F36D4CD00877353 /* Sources */ = {
			isa = PBXSourcesBuildPhase;
			buildActionMask = 2147483647;
			files = (
				74E5AAE11F395EFD00CD7A21 /* AppDetailController.swift in Sources */,
				74E5AAE31F395F5200CD7A21 /* ScreenshotsCell.swift in Sources */,
				7463499A1F36D4CE00877353 /* FeaturedAppsController.swift in Sources */,
				749C68771F380B530016B272 /* AppCell.swift in Sources */,
				746349981F36D4CE00877353 /* AppDelegate.swift in Sources */,
				749C68751F37ED6B0016B272 /* CategoryCell.swift in Sources */,
				749C68791F3814570016B272 /* Models.swift in Sources */,
			);
			runOnlyForDeploymentPostprocessing = 0;
		};
/* End PBXSourcesBuildPhase section */

/* Begin PBXVariantGroup section */
		7463499B1F36D4CE00877353 /* Main.storyboard */ = {
			isa = PBXVariantGroup;
			children = (
				7463499C1F36D4CE00877353 /* Base */,
			);
			name = Main.storyboard;
			sourceTree = "<group>";
		};
		746349A01F36D4CE00877353 /* LaunchScreen.storyboard */ = {
			isa = PBXVariantGroup;
			children = (
				746349A11F36D4CE00877353 /* Base */,
			);
			name = LaunchScreen.storyboard;
			sourceTree = "<group>";
		};
/* End PBXVariantGroup section */

/* Begin XCBuildConfiguration section */
		746349A41F36D4CE00877353 /* Debug */ = {
			isa = XCBuildConfiguration;
			buildSettings = {
				ALWAYS_SEARCH_USER_PATHS = NO;
				CLANG_ANALYZER_NONNULL = YES;
				CLANG_ANALYZER_NUMBER_OBJECT_CONVERSION = YES_AGGRESSIVE;
				CLANG_CXX_LANGUAGE_STANDARD = "gnu++0x";
				CLANG_CXX_LIBRARY = "libc++";
				CLANG_ENABLE_MODULES = YES;
				CLANG_ENABLE_OBJC_ARC = YES;
				CLANG_WARN_BOOL_CONVERSION = YES;
				CLANG_WARN_CONSTANT_CONVERSION = YES;
				CLANG_WARN_DIRECT_OBJC_ISA_USAGE = YES_ERROR;
				CLANG_WARN_DOCUMENTATION_COMMENTS = YES;
				CLANG_WARN_EMPTY_BODY = YES;
				CLANG_WARN_ENUM_CONVERSION = YES;
				CLANG_WARN_INFINITE_RECURSION = YES;
				CLANG_WARN_INT_CONVERSION = YES;
				CLANG_WARN_OBJC_ROOT_CLASS = YES_ERROR;
				CLANG_WARN_SUSPICIOUS_MOVE = YES;
				CLANG_WARN_UNREACHABLE_CODE = YES;
				CLANG_WARN__DUPLICATE_METHOD_MATCH = YES;
				"CODE_SIGN_IDENTITY[sdk=iphoneos*]" = "iPhone Developer";
				COPY_PHASE_STRIP = NO;
				DEBUG_INFORMATION_FORMAT = dwarf;
				ENABLE_STRICT_OBJC_MSGSEND = YES;
				ENABLE_TESTABILITY = YES;
				GCC_C_LANGUAGE_STANDARD = gnu99;
				GCC_DYNAMIC_NO_PIC = NO;
				GCC_NO_COMMON_BLOCKS = YES;
				GCC_OPTIMIZATION_LEVEL = 0;
				GCC_PREPROCESSOR_DEFINITIONS = (
					"DEBUG=1",
					"$(inherited)",
				);
				GCC_WARN_64_TO_32_BIT_CONVERSION = YES;
				GCC_WARN_ABOUT_RETURN_TYPE = YES_ERROR;
				GCC_WARN_UNDECLARED_SELECTOR = YES;
				GCC_WARN_UNINITIALIZED_AUTOS = YES_AGGRESSIVE;
				GCC_WARN_UNUSED_FUNCTION = YES;
				GCC_WARN_UNUSED_VARIABLE = YES;
				IPHONEOS_DEPLOYMENT_TARGET = 10.3;
				MTL_ENABLE_DEBUG_INFO = YES;
				ONLY_ACTIVE_ARCH = YES;
				SDKROOT = iphoneos;
				SWIFT_ACTIVE_COMPILATION_CONDITIONS = DEBUG;
				SWIFT_OPTIMIZATION_LEVEL = "-Onone";
				TARGETED_DEVICE_FAMILY = "1,2";
			};
			name = Debug;
		};
		746349A51F36D4CE00877353 /* Release */ = {
			isa = XCBuildConfiguration;
			buildSettings = {
				ALWAYS_SEARCH_USER_PATHS = NO;
				CLANG_ANALYZER_NONNULL = YES;
				CLANG_ANALYZER_NUMBER_OBJECT_CONVERSION = YES_AGGRESSIVE;
				CLANG_CXX_LANGUAGE_STANDARD = "gnu++0x";
				CLANG_CXX_LIBRARY = "libc++";
				CLANG_ENABLE_MODULES = YES;
				CLANG_ENABLE_OBJC_ARC = YES;
				CLANG_WARN_BOOL_CONVERSION = YES;
				CLANG_WARN_CONSTANT_CONVERSION = YES;
				CLANG_WARN_DIRECT_OBJC_ISA_USAGE = YES_ERROR;
				CLANG_WARN_DOCUMENTATION_COMMENTS = YES;
				CLANG_WARN_EMPTY_BODY = YES;
				CLANG_WARN_ENUM_CONVERSION = YES;
				CLANG_WARN_INFINITE_RECURSION = YES;
				CLANG_WARN_INT_CONVERSION = YES;
				CLANG_WARN_OBJC_ROOT_CLASS = YES_ERROR;
				CLANG_WARN_SUSPICIOUS_MOVE = YES;
				CLANG_WARN_UNREACHABLE_CODE = YES;
				CLANG_WARN__DUPLICATE_METHOD_MATCH = YES;
				"CODE_SIGN_IDENTITY[sdk=iphoneos*]" = "iPhone Developer";
				COPY_PHASE_STRIP = NO;
				DEBUG_INFORMATION_FORMAT = "dwarf-with-dsym";
				ENABLE_NS_ASSERTIONS = NO;
				ENABLE_STRICT_OBJC_MSGSEND = YES;
				GCC_C_LANGUAGE_STANDARD = gnu99;
				GCC_NO_COMMON_BLOCKS = YES;
				GCC_WARN_64_TO_32_BIT_CONVERSION = YES;
				GCC_WARN_ABOUT_RETURN_TYPE = YES_ERROR;
				GCC_WARN_UNDECLARED_SELECTOR = YES;
				GCC_WARN_UNINITIALIZED_AUTOS = YES_AGGRESSIVE;
				GCC_WARN_UNUSED_FUNCTION = YES;
				GCC_WARN_UNUSED_VARIABLE = YES;
				IPHONEOS_DEPLOYMENT_TARGET = 10.3;
				MTL_ENABLE_DEBUG_INFO = NO;
				SDKROOT = iphoneos;
				SWIFT_OPTIMIZATION_LEVEL = "-Owholemodule";
				TARGETED_DEVICE_FAMILY = "1,2";
				VALIDATE_PRODUCT = YES;
			};
			name = Release;
		};
		746349A71F36D4CE00877353 /* Debug */ = {
			isa = XCBuildConfiguration;
			buildSettings = {
				ASSETCATALOG_COMPILER_APPICON_NAME = AppIcon;
				DEVELOPMENT_TEAM = BXEL354SU6;
				INFOPLIST_FILE = AppStore/Info.plist;
				LD_RUNPATH_SEARCH_PATHS = "$(inherited) @executable_path/Frameworks";
				PRODUCT_BUNDLE_IDENTIFIER = com.swiftbeard.AppStore;
				PRODUCT_NAME = "$(TARGET_NAME)";
				SWIFT_VERSION = 3.0;
			};
			name = Debug;
		};
		746349A81F36D4CE00877353 /* Release */ = {
			isa = XCBuildConfiguration;
			buildSettings = {
				ASSETCATALOG_COMPILER_APPICON_NAME = AppIcon;
				DEVELOPMENT_TEAM = BXEL354SU6;
				INFOPLIST_FILE = AppStore/Info.plist;
				LD_RUNPATH_SEARCH_PATHS = "$(inherited) @executable_path/Frameworks";
				PRODUCT_BUNDLE_IDENTIFIER = com.swiftbeard.AppStore;
				PRODUCT_NAME = "$(TARGET_NAME)";
				SWIFT_VERSION = 3.0;
			};
			name = Release;
		};
/* End XCBuildConfiguration section */

/* Begin XCConfigurationList section */
		7463498F1F36D4CD00877353 /* Build configuration list for PBXProject "AppStore" */ = {
			isa = XCConfigurationList;
			buildConfigurations = (
				746349A41F36D4CE00877353 /* Debug */,
				746349A51F36D4CE00877353 /* Release */,
			);
			defaultConfigurationIsVisible = 0;
			defaultConfigurationName = Release;
		};
		746349A61F36D4CE00877353 /* Build configuration list for PBXNativeTarget "AppStore" */ = {
			isa = XCConfigurationList;
			buildConfigurations = (
				746349A71F36D4CE00877353 /* Debug */,
				746349A81F36D4CE00877353 /* Release */,
			);
			defaultConfigurationIsVisible = 0;
			defaultConfigurationName = Release;
		};
/* End XCConfigurationList section */
	};
	rootObject = 7463498C1F36D4CD00877353 /* Project object */;
}
